{
    "requires": true,
    "lockfileVersion": 1,
    "dependencies": {
        "@types/angular": {
            "version": "1.6.56",
            "resolved": "https://registry.npmjs.org/@types/angular/-/angular-1.6.56.tgz",
            "integrity": "sha512-HxtqilvklZ7i6XOaiP7uIJIrFXEVEhfbSY45nfv2DeBRngncI58Y4ZOUMiUkcT8sqgLL1ablmbfylChUg7A3GA=="
        },
        "angular": {
            "version": "1.7.8",
            "resolved": "https://registry.npmjs.org/angular/-/angular-1.7.8.tgz",
            "integrity": "sha512-wtef/y4COxM7ZVhddd7JtAAhyYObq9YXKar9tsW7558BImeVYteJiTxCKeJOL45lJ/+7B4wrAC49j8gTFYEthg=="
        },
        "tsc": {
            "version": "1.20150623.0",
            "resolved": "https://registry.npmjs.org/tsc/-/tsc-1.20150623.0.tgz",
            "integrity": "sha1-Trw8d04WkUjLx2inNCUz8ILHpuU=",
            "dev": true
        },
        "typescript": {
            "version": "3.6.3",
            "resolved": "https://registry.npmjs.org/typescript/-/typescript-3.6.3.tgz",
            "integrity": "sha512-N7bceJL1CtRQ2RiG0AQME13ksR7DiuQh/QehubYcghzv20tnh+MQnQIuJddTmsbqYj+dztchykemz0zFzlvdQw=="
        }
    }
}
